
Microsoft Visual Studio Solution File, Format Version 12.00
# Visual Studio Version 17
VisualStudioVersion = 17.13.35931.197 d17.13
MinimumVisualStudioVersion = 10.0.40219.1
Project("{FAE04EC0-301F-11D3-BF4B-00C04F79EFBC}") = "MedicalBot1", "MedicalBot1\MedicalBot1.csproj", "{BFCE6F8E-A6F7-48A5-A5E7-4BF635F8168E}"
EndProject
Global
	GlobalSection(SolutionConfigurationPlatforms) = preSolution
		Debug|Any CPU = Debug|Any CPU
		Release|Any CPU = Release|Any CPU
	EndGlobalSection
	GlobalSection(ProjectConfigurationPlatforms) = postSolution
		{BFCE6F8E-A6F7-48A5-A5E7-4BF635F8168E}.Debug|Any CPU.ActiveCfg = Debug|Any CPU
		{BFCE6F8E-A6F7-48A5-A5E7-4BF635F8168E}.Debug|Any CPU.Build.0 = Debug|Any CPU
		{BFCE6F8E-A6F7-48A5-A5E7-4BF635F8168E}.Release|Any CPU.ActiveCfg = Release|Any CPU
		{BFCE6F8E-A6F7-48A5-A5E7-4BF635F8168E}.Release|Any CPU.Build.0 = Release|Any CPU
	EndGlobalSection
	GlobalSection(SolutionProperties) = preSolution
		HideSolutionNode = FALSE
	EndGlobalSection
	GlobalSection(ExtensibilityGlobals) = postSolution
		SolutionGuid = {35D1058C-0CDE-4883-8686-F0D87F53B2E6}
	EndGlobalSection
EndGlobal
